
Microsoft Visual Studio Solution File, Format Version 12.00
# RemObjects Fire
Project("{656346D9-4656-40DA-A068-22D5425D4639}") = "Mandelbrot", "Mandelbrot.elements", "{C3A41F18-1518-46F9-842E-ABF1CFF30301}"
EndProject
Global
	GlobalSection(SolutionConfigurationPlatforms) = preSolution
		Debug|AnyCPU = Debug|AnyCPU
		Release|AnyCPU = Release|AnyCPU
	EndGlobalSection
	GlobalSection(ProjectConfigurationPlatforms) = postSolution
		{C3A41F18-1518-46F9-842E-ABF1CFF30301}.Debug|AnyCPU.ActiveCfg = Debug|AnyCPU
		{C3A41F18-1518-46F9-842E-ABF1CFF30301}.Debug|AnyCPU.Build.0 = Debug|AnyCPU
		{C3A41F18-1518-46F9-842E-ABF1CFF30301}.Release|AnyCPU.ActiveCfg = Release|AnyCPU
		{C3A41F18-1518-46F9-842E-ABF1CFF30301}.Release|AnyCPU.Build.0 = Release|AnyCPU
	EndGlobalSection
	GlobalSection(SolutionProperties) = preSolution
		HideSolutionNode = FALSE
	EndGlobalSection
EndGlobal