
Microsoft Visual Studio Solution File, Format Version 12.00
# RemObjects EBuild
Project("{656346D9-4656-40DA-A068-22D5425D4639}") = "struct-literals.Island.Darwin.macOS", "struct-literals.Island.Darwin.macOS.elements", "{EB55D985-42DA-4B73-B699-7E4D7A8559A3}"
EndProject
Global
	GlobalSection(SolutionConfigurationPlatforms) = preSolution
	EndGlobalSection
	GlobalSection(ProjectConfigurationPlatforms) = postSolution
	EndGlobalSection
	GlobalSection(SolutionProperties) = preSolution
		HideSolutionNode = FALSE
	EndGlobalSection
EndGlobal