
Microsoft Visual Studio Solution File, Format Version 12.00
# RemObjects EBuild
Project("{656346D9-4656-40DA-A068-22D5425D4639}") = "errors.Island.Windows", "errors.Island.Windows.elements", "{0B209330-7AF4-43D1-873F-1B1C90BF18A6}"
EndProject
Global
	GlobalSection(SolutionConfigurationPlatforms) = preSolution
	EndGlobalSection
	GlobalSection(ProjectConfigurationPlatforms) = postSolution
	EndGlobalSection
	GlobalSection(SolutionProperties) = preSolution
		HideSolutionNode = FALSE
	EndGlobalSection
EndGlobal