
Microsoft Visual Studio Solution File, Format Version 12.00
# RemObjects Water
Project("{656346D9-4656-40DA-A068-22D5425D4639}") = "TinyHTTPServer", "TinyHTTPServer.elements", "{61DEB941-D636-4DAC-8922-7D069C628C9B}"
EndProject
Global
	GlobalSection(SolutionConfigurationPlatforms) = preSolution
		Debug|AnyCPU = Debug|AnyCPU
		Release|AnyCPU = Release|AnyCPU
	EndGlobalSection
	GlobalSection(ProjectConfigurationPlatforms) = postSolution
		{61DEB941-D636-4DAC-8922-7D069C628C9B}.Debug|AnyCPU.ActiveCfg = Debug|AnyCPU
		{61DEB941-D636-4DAC-8922-7D069C628C9B}.Debug|AnyCPU.Build.0 = Debug|AnyCPU
		{61DEB941-D636-4DAC-8922-7D069C628C9B}.Release|AnyCPU.ActiveCfg = Release|AnyCPU
		{61DEB941-D636-4DAC-8922-7D069C628C9B}.Release|AnyCPU.Build.0 = Release|AnyCPU
	EndGlobalSection
	GlobalSection(SolutionProperties) = preSolution
		HideSolutionNode = FALSE
	EndGlobalSection
EndGlobal