
Microsoft Visual Studio Solution File, Format Version 12.00
# Visual Studio 2012
Project("{656346D9-4656-40DA-A068-22D5425D4639}") = "com.example.android.AccelerometerPlay", "com.example.android.AccelerometerPlay.elements", "{305422FB-53E9-45E8-A520-701F03B7652D}"
EndProject
Global
	GlobalSection(SolutionConfigurationPlatforms) = preSolution
		Debug|Java = Debug|Java
		Release|Java = Release|Java
	EndGlobalSection
	GlobalSection(ProjectConfigurationPlatforms) = postSolution
		{305422FB-53E9-45E8-A520-701F03B7652D}.Debug|Java.ActiveCfg = Debug|Java
		{305422FB-53E9-45E8-A520-701F03B7652D}.Debug|Java.Build.0 = Debug|Java
		{305422FB-53E9-45E8-A520-701F03B7652D}.Release|Java.ActiveCfg = Release|Java
		{305422FB-53E9-45E8-A520-701F03B7652D}.Release|Java.Build.0 = Release|Java
	EndGlobalSection
	GlobalSection(SolutionProperties) = preSolution
		HideSolutionNode = FALSE
	EndGlobalSection
EndGlobal
