
Microsoft Visual Studio Solution File, Format Version 12.00
# RemObjects Water
Project("{656346D9-4656-40DA-A068-22D5425D4639}") = "TinyHTTPServer", "TinyHTTPServer.elements", "{DBBF4E37-668E-4C85-937A-86F555FC3D97}"
EndProject
Global
	GlobalSection(SolutionConfigurationPlatforms) = preSolution
		Debug|AnyCPU = Debug|AnyCPU
		Release|AnyCPU = Release|AnyCPU
	EndGlobalSection
	GlobalSection(ProjectConfigurationPlatforms) = postSolution
		{DBBF4E37-668E-4C85-937A-86F555FC3D97}.Debug|AnyCPU.ActiveCfg = Debug|AnyCPU
		{DBBF4E37-668E-4C85-937A-86F555FC3D97}.Debug|AnyCPU.Build.0 = Debug|AnyCPU
		{DBBF4E37-668E-4C85-937A-86F555FC3D97}.Release|AnyCPU.ActiveCfg = Release|AnyCPU
		{DBBF4E37-668E-4C85-937A-86F555FC3D97}.Release|AnyCPU.Build.0 = Release|AnyCPU
	EndGlobalSection
	GlobalSection(SolutionProperties) = preSolution
		HideSolutionNode = FALSE
	EndGlobalSection
EndGlobal