
Microsoft Visual Studio Solution File, Format Version 12.00
# Visual Studio 2012
Project("{656346D9-4656-40DA-A068-22D5425D4639}") = "AwaitSample.2012", "Await.elements", "{D41DDAEA-98F9-4AF8-925E-A5FD6B81C901}"
EndProject
Global
	GlobalSection(SolutionConfigurationPlatforms) = preSolution
		Debug|Default = Debug|Default
		Release|Default = Release|Default
	EndGlobalSection
	GlobalSection(ProjectConfigurationPlatforms) = postSolution
		{D41DDAEA-98F9-4AF8-925E-A5FD6B81C901}.Debug|Default.ActiveCfg = Debug
		{D41DDAEA-98F9-4AF8-925E-A5FD6B81C901}.Debug|Default.Build.0 = Debug
		{D41DDAEA-98F9-4AF8-925E-A5FD6B81C901}.Release|Default.ActiveCfg = Release
		{D41DDAEA-98F9-4AF8-925E-A5FD6B81C901}.Release|Default.Build.0 = Release
	EndGlobalSection
	GlobalSection(SolutionProperties) = preSolution
		HideSolutionNode = FALSE
	EndGlobalSection
EndGlobal
