
Microsoft Visual Studio Solution File, Format Version 12.00
# RemObjects Fire
Project("{656346D9-4656-40DA-A068-22D5425D4639}") = "CircularSlider", "Nougat App\CircularSlider.elements", "{F550EDD5-3D11-49A9-B0AC-9B5C0657F6BC}"
EndProject
Project("{656346D9-4656-40DA-A068-22D5425D4639}") = "TBCircularSlider", "TBCircularSlider\TBCircularSlider.elements", "{D6339F1D-FDDD-4E15-8D0C-131E59283956}"
EndProject
Global
	GlobalSection(SolutionConfigurationPlatforms) = preSolution
		Debug|AnyCPU = Debug|AnyCPU
		Release|AnyCPU = Release|AnyCPU
	EndGlobalSection
	GlobalSection(ProjectConfigurationPlatforms) = postSolution
		{F550EDD5-3D11-49A9-B0AC-9B5C0657F6BC}.Debug|AnyCPU.ActiveCfg = Debug|AnyCPU
		{F550EDD5-3D11-49A9-B0AC-9B5C0657F6BC}.Debug|AnyCPU.Build.0 = Debug|AnyCPU
		{F550EDD5-3D11-49A9-B0AC-9B5C0657F6BC}.Release|AnyCPU.ActiveCfg = Release|AnyCPU
		{F550EDD5-3D11-49A9-B0AC-9B5C0657F6BC}.Release|AnyCPU.Build.0 = Release|AnyCPU
		{D6339F1D-FDDD-4E15-8D0C-131E59283956}.Debug|AnyCPU.ActiveCfg = Debug|AnyCPU
		{D6339F1D-FDDD-4E15-8D0C-131E59283956}.Debug|AnyCPU.Build.0 = Debug|AnyCPU
		{D6339F1D-FDDD-4E15-8D0C-131E59283956}.Release|AnyCPU.ActiveCfg = Release|AnyCPU
		{D6339F1D-FDDD-4E15-8D0C-131E59283956}.Release|AnyCPU.Build.0 = Release|AnyCPU
	EndGlobalSection
	GlobalSection(SolutionProperties) = preSolution
		HideSolutionNode = FALSE
	EndGlobalSection
EndGlobal