
Microsoft Visual Studio Solution File, Format Version 12.00
# Visual Studio 2012
Project("{656346D9-4656-40DA-A068-22D5425D4639}") = "LinqToObjects", "LinqToObjects.elements", "{EF9BDB9A-D097-4B6E-973B-775A2FD15900}"
EndProject
Global
	GlobalSection(SolutionConfigurationPlatforms) = preSolution
		Debug|Default = Debug|Default
		Release|Default = Release|Default
	EndGlobalSection
	GlobalSection(ProjectConfigurationPlatforms) = postSolution
		{EF9BDB9A-D097-4B6E-973B-775A2FD15900}.Debug|Default.ActiveCfg = Debug
		{EF9BDB9A-D097-4B6E-973B-775A2FD15900}.Debug|Default.Build.0 = Debug
		{EF9BDB9A-D097-4B6E-973B-775A2FD15900}.Release|Default.ActiveCfg = Release
		{EF9BDB9A-D097-4B6E-973B-775A2FD15900}.Release|Default.Build.0 = Release
	EndGlobalSection
	GlobalSection(SolutionProperties) = preSolution
		HideSolutionNode = FALSE
	EndGlobalSection
EndGlobal
