
Microsoft Visual Studio Solution File, Format Version 12.00
# Visual Studio 2012
Project("{656346D9-4656-40DA-A068-22D5425D4639}") = "NullableTypes", "NullableTypes.elements", "{EC8E70C4-618C-4AD7-AF7A-CB48487AAD2E}"
EndProject
Global
	GlobalSection(SolutionConfigurationPlatforms) = preSolution
		Debug|Default = Debug|Default
		Release|Default = Release|Default
	EndGlobalSection
	GlobalSection(ProjectConfigurationPlatforms) = postSolution
		{EC8E70C4-618C-4AD7-AF7A-CB48487AAD2E}.Debug|Default.ActiveCfg = Debug
		{EC8E70C4-618C-4AD7-AF7A-CB48487AAD2E}.Debug|Default.Build.0 = Debug
		{EC8E70C4-618C-4AD7-AF7A-CB48487AAD2E}.Release|Default.ActiveCfg = Release
		{EC8E70C4-618C-4AD7-AF7A-CB48487AAD2E}.Release|Default.Build.0 = Release
	EndGlobalSection
	GlobalSection(SolutionProperties) = preSolution
		HideSolutionNode = FALSE
	EndGlobalSection
EndGlobal
