
Microsoft Visual Studio Solution File, Format Version 12.00
# Visual Studio 2012
Project("{656346D9-4656-40DA-A068-22D5425D4639}") = "com.example.android.LiveCubes", "com.example.android.LiveCubes.elements", "{CEDB4BC5-414D-4D51-A312-B4BF1A119D93}"
EndProject
Global
	GlobalSection(SolutionConfigurationPlatforms) = preSolution
		Debug|Default = Debug|Default
		Release|Default = Release|Default
	EndGlobalSection
	GlobalSection(ProjectConfigurationPlatforms) = postSolution
		{CEDB4BC5-414D-4D51-A312-B4BF1A119D93}.Debug|Default.ActiveCfg = Debug
		{CEDB4BC5-414D-4D51-A312-B4BF1A119D93}.Debug|Default.Build.0 = Debug
		{CEDB4BC5-414D-4D51-A312-B4BF1A119D93}.Release|Default.ActiveCfg = Release
		{CEDB4BC5-414D-4D51-A312-B4BF1A119D93}.Release|Default.Build.0 = Release
	EndGlobalSection
	GlobalSection(SolutionProperties) = preSolution
		HideSolutionNode = FALSE
	EndGlobalSection
EndGlobal
