
Microsoft Visual Studio Solution File, Format Version 12.00
# RemObjects Fire
Project("{656346D9-4656-40DA-A068-22D5425D4639}") = "CollectionViews", "CollectionViews.elements", "{A7D00ADC-0C42-4246-A6CE-BD37184A4972}"
EndProject
Global
	GlobalSection(SolutionConfigurationPlatforms) = preSolution
		Debug|AnyCPU = Debug|AnyCPU
		Release|AnyCPU = Release|AnyCPU
	EndGlobalSection
	GlobalSection(ProjectConfigurationPlatforms) = postSolution
		{A7D00ADC-0C42-4246-A6CE-BD37184A4972}.Debug|AnyCPU.ActiveCfg = Debug|AnyCPU
		{A7D00ADC-0C42-4246-A6CE-BD37184A4972}.Debug|AnyCPU.Build.0 = Debug|AnyCPU
		{A7D00ADC-0C42-4246-A6CE-BD37184A4972}.Release|AnyCPU.ActiveCfg = Release|AnyCPU
		{A7D00ADC-0C42-4246-A6CE-BD37184A4972}.Release|AnyCPU.Build.0 = Release|AnyCPU
	EndGlobalSection
	GlobalSection(SolutionProperties) = preSolution
		HideSolutionNode = FALSE
	EndGlobalSection
EndGlobal