
Microsoft Visual Studio Solution File, Format Version 12.00
# RemObjects Fire
Project("{656346D9-4656-40DA-A068-22D5425D4639}") = "SqliteApp", "SqliteApp.elements", "{17869FB8-689B-4008-A7B4-D465C42FCEC4}"
EndProject
Global
	GlobalSection(SolutionConfigurationPlatforms) = preSolution
		Debug|AnyCPU = Debug|AnyCPU
		Release|AnyCPU = Release|AnyCPU
	EndGlobalSection
	GlobalSection(ProjectConfigurationPlatforms) = postSolution
		{17869FB8-689B-4008-A7B4-D465C42FCEC4}.Debug|AnyCPU.ActiveCfg = Debug|AnyCPU
		{17869FB8-689B-4008-A7B4-D465C42FCEC4}.Debug|AnyCPU.Build.0 = Debug|AnyCPU
		{17869FB8-689B-4008-A7B4-D465C42FCEC4}.Release|AnyCPU.ActiveCfg = Release|AnyCPU
		{17869FB8-689B-4008-A7B4-D465C42FCEC4}.Release|AnyCPU.Build.0 = Release|AnyCPU
	EndGlobalSection
	GlobalSection(SolutionProperties) = preSolution
		HideSolutionNode = FALSE
	EndGlobalSection
EndGlobal