
Microsoft Visual Studio Solution File, Format Version 12.00
# RemObjects Fire
Project("{656346D9-4656-40DA-A068-22D5425D4639}") = "ToDoManager", "TodoManager\ToDoManager.elements", "{8BA55C91-F372-46BE-B5E4-B611CD0C356A}"
EndProject
Global
	GlobalSection(SolutionConfigurationPlatforms) = preSolution
		Debug|AnyCPU = Debug|AnyCPU
		Release|AnyCPU = Release|AnyCPU
	EndGlobalSection
	GlobalSection(ProjectConfigurationPlatforms) = postSolution
		{8BA55C91-F372-46BE-B5E4-B611CD0C356A}.Debug|AnyCPU.ActiveCfg = Debug|AnyCPU
		{8BA55C91-F372-46BE-B5E4-B611CD0C356A}.Debug|AnyCPU.Build.0 = Debug|AnyCPU
		{8BA55C91-F372-46BE-B5E4-B611CD0C356A}.Release|AnyCPU.ActiveCfg = Release|AnyCPU
		{8BA55C91-F372-46BE-B5E4-B611CD0C356A}.Release|AnyCPU.Build.0 = Release|AnyCPU
	EndGlobalSection
	GlobalSection(SolutionProperties) = preSolution
		HideSolutionNode = FALSE
	EndGlobalSection
EndGlobal