
Microsoft Visual Studio Solution File, Format Version 12.00
# Visual Studio 14
Project("{656346D9-4656-40DA-A068-22D5425D4639}") = "Mandelbrot", "Mandelbrot.elements", "{10F7DA95-5F69-4ED8-B5BF-483BA6B073F7}"
EndProject
Global
	GlobalSection(SolutionConfigurationPlatforms) = preSolution
		Debug|Java = Debug|Java
		Release|Java = Release|Java
	EndGlobalSection
	GlobalSection(ProjectConfigurationPlatforms) = postSolution
		{10F7DA95-5F69-4ED8-B5BF-483BA6B073F7}.Debug|Java.ActiveCfg = Debug
		{10F7DA95-5F69-4ED8-B5BF-483BA6B073F7}.Debug|Java.Build.0 = Debug
		{10F7DA95-5F69-4ED8-B5BF-483BA6B073F7}.Release|Java.ActiveCfg = Release
		{10F7DA95-5F69-4ED8-B5BF-483BA6B073F7}.Release|Java.Build.0 = Release
	EndGlobalSection
	GlobalSection(SolutionProperties) = preSolution
		HideSolutionNode = FALSE
	EndGlobalSection
EndGlobal
