
Microsoft Visual Studio Solution File, Format Version 12.00
# Visual Studio 2013
VisualStudioVersion = 12.0.21005.1
MinimumVisualStudioVersion = 10.0.40219.1
Project("{656346D9-4656-40DA-A068-22D5425D4639}") = "UITableViewController", "UITableViewController\UITableViewController.elements", "{C6D5D548-5ED0-4152-9EAA-4DED2192A06B}"
EndProject
Global
	GlobalSection(SolutionConfigurationPlatforms) = preSolution
		Debug|Default = Debug|Default
		Release|Default = Release|Default
	EndGlobalSection
	GlobalSection(ProjectConfigurationPlatforms) = postSolution
		{C6D5D548-5ED0-4152-9EAA-4DED2192A06B}.Debug|Default.ActiveCfg = Debug
		{C6D5D548-5ED0-4152-9EAA-4DED2192A06B}.Debug|Default.Build.0 = Debug
		{C6D5D548-5ED0-4152-9EAA-4DED2192A06B}.Release|Default.ActiveCfg = Release
		{C6D5D548-5ED0-4152-9EAA-4DED2192A06B}.Release|Default.Build.0 = Release
	EndGlobalSection
	GlobalSection(SolutionProperties) = preSolution
		HideSolutionNode = FALSE
	EndGlobalSection
EndGlobal
