
Microsoft Visual Studio Solution File, Format Version 12.00
# Visual Studio 2012
Project("{EC62B7CB-F2DF-4AB9-8544-327F6DAD307D}") = "Mandelbrot", "Mandelbrot.elements", "{C4FB55A1-3179-404E-A817-09ADA663425C}"
EndProject
Global
	GlobalSection(SolutionConfigurationPlatforms) = preSolution
		Debug|AnyCPU = Debug|AnyCPU
		Release|AnyCPU = Release|AnyCPU
	EndGlobalSection
	GlobalSection(ProjectConfigurationPlatforms) = postSolution
		{C4FB55A1-3179-404E-A817-09ADA663425C}.Debug|AnyCPU.ActiveCfg = Debug|AnyCPU
		{C4FB55A1-3179-404E-A817-09ADA663425C}.Debug|AnyCPU.Build.0 = Debug|AnyCPU
		{C4FB55A1-3179-404E-A817-09ADA663425C}.Release|AnyCPU.ActiveCfg = Release|AnyCPU
		{C4FB55A1-3179-404E-A817-09ADA663425C}.Release|AnyCPU.Build.0 = Release|AnyCPU
	EndGlobalSection
	GlobalSection(SolutionProperties) = preSolution
		HideSolutionNode = FALSE
	EndGlobalSection
EndGlobal
