
Microsoft Visual Studio Solution File, Format Version 12.00
# Visual Studio 2012
Project("{656346D9-4656-40DA-A068-22D5425D4639}") = "KeyboardApplet", "KeyboardApplet.elements", "{8602DFDE-2750-4663-90D5-9044D28D42F0}"
EndProject
Global
	GlobalSection(SolutionConfigurationPlatforms) = preSolution
		Debug|Java = Debug|Java
		Release|Java = Release|Java
	EndGlobalSection
	GlobalSection(ProjectConfigurationPlatforms) = postSolution
		{8602DFDE-2750-4663-90D5-9044D28D42F0}.Debug|Java.ActiveCfg = Debug
		{8602DFDE-2750-4663-90D5-9044D28D42F0}.Debug|Java.Build.0 = Debug
		{8602DFDE-2750-4663-90D5-9044D28D42F0}.Release|Java.ActiveCfg = Release
		{8602DFDE-2750-4663-90D5-9044D28D42F0}.Release|Java.Build.0 = Release
	EndGlobalSection
	GlobalSection(SolutionProperties) = preSolution
		HideSolutionNode = FALSE
	EndGlobalSection
EndGlobal
