
Microsoft Visual Studio Solution File, Format Version 12.00
# Visual Studio 2012
Project("{656346D9-4656-40DA-A068-22D5425D4639}") = "HorseRace", "HorseRace.elements", "{E7BE2ACB-85AE-4F99-A027-D3BE25B014D5}"
EndProject
Global
	GlobalSection(SolutionConfigurationPlatforms) = preSolution
		Debug|Default = Debug|Default
		Release|Default = Release|Default
	EndGlobalSection
	GlobalSection(ProjectConfigurationPlatforms) = postSolution
		{E7BE2ACB-85AE-4F99-A027-D3BE25B014D5}.Debug|Default.ActiveCfg = Debug
		{E7BE2ACB-85AE-4F99-A027-D3BE25B014D5}.Debug|Default.Build.0 = Debug
		{E7BE2ACB-85AE-4F99-A027-D3BE25B014D5}.Release|Default.ActiveCfg = Release
		{E7BE2ACB-85AE-4F99-A027-D3BE25B014D5}.Release|Default.Build.0 = Release
	EndGlobalSection
	GlobalSection(SolutionProperties) = preSolution
		HideSolutionNode = FALSE
	EndGlobalSection
EndGlobal