
Microsoft Visual Studio Solution File, Format Version 12.00
# Visual Studio 2013
VisualStudioVersion = 12.0.21005.1
MinimumVisualStudioVersion = 10.0.40219.1
Project("{656346D9-4656-40DA-A068-22D5425D4639}") = "FirstApp", "FirstApp\FirstApp.elements", "{D1AD2309-6A26-418B-87C0-59BBD4365CFA}"
EndProject
Global
	GlobalSection(SolutionConfigurationPlatforms) = preSolution
		Debug|Default = Debug|Default
		Release|Default = Release|Default
	EndGlobalSection
	GlobalSection(ProjectConfigurationPlatforms) = postSolution
		{D1AD2309-6A26-418B-87C0-59BBD4365CFA}.Debug|Default.ActiveCfg = Debug
		{D1AD2309-6A26-418B-87C0-59BBD4365CFA}.Debug|Default.Build.0 = Debug
		{D1AD2309-6A26-418B-87C0-59BBD4365CFA}.Release|Default.ActiveCfg = Release
		{D1AD2309-6A26-418B-87C0-59BBD4365CFA}.Release|Default.Build.0 = Release
	EndGlobalSection
	GlobalSection(SolutionProperties) = preSolution
		HideSolutionNode = FALSE
	EndGlobalSection
EndGlobal
