
Microsoft Visual Studio Solution File, Format Version 12.00
# RemObjects EBuild
Project("{656346D9-4656-40DA-A068-22D5425D4639}") = "channels", "channels.elements", "{2D8CBD2E-C160-4FA0-BAE1-B4E5997E53C9}"
EndProject
Global
	GlobalSection(SolutionConfigurationPlatforms) = preSolution
	EndGlobalSection
	GlobalSection(ProjectConfigurationPlatforms) = postSolution
	EndGlobalSection
	GlobalSection(SolutionProperties) = preSolution
		HideSolutionNode = FALSE
	EndGlobalSection
EndGlobal