
Microsoft Visual Studio Solution File, Format Version 12.00
# Visual Studio 14
VisualStudioVersion = 14.0.25420.1
MinimumVisualStudioVersion = 10.0.40219.1
Project("{656346D9-4656-40DA-A068-22D5425D4639}") = "BasicGtkApp", "BasicGtkApp.elements", "{C34F7909-BC5D-4C8E-A693-8EDBA7E7058E}"
EndProject
Global
	GlobalSection(SolutionConfigurationPlatforms) = preSolution
		Debug|Default = Debug|Default
		Release|Default = Release|Default
	EndGlobalSection
	GlobalSection(ProjectConfigurationPlatforms) = postSolution
		{C34F7909-BC5D-4C8E-A693-8EDBA7E7058E}.Debug|Default.ActiveCfg = Debug
		{C34F7909-BC5D-4C8E-A693-8EDBA7E7058E}.Debug|Default.Build.0 = Debug
		{C34F7909-BC5D-4C8E-A693-8EDBA7E7058E}.Release|Default.ActiveCfg = Release
		{C34F7909-BC5D-4C8E-A693-8EDBA7E7058E}.Release|Default.Build.0 = Release
	EndGlobalSection
	GlobalSection(SolutionProperties) = preSolution
		HideSolutionNode = FALSE
	EndGlobalSection
EndGlobal