
Microsoft Visual Studio Solution File, Format Version 12.00
# RemObjects EBuild
Project("{656346D9-4656-40DA-A068-22D5425D4639}") = "defer.Island.Darwin.macOS", "defer.Island.Darwin.macOS.elements", "{5830914C-E91E-462A-BB85-6E98E7893BA2}"
EndProject
Global
	GlobalSection(SolutionConfigurationPlatforms) = preSolution
	EndGlobalSection
	GlobalSection(ProjectConfigurationPlatforms) = postSolution
	EndGlobalSection
	GlobalSection(SolutionProperties) = preSolution
		HideSolutionNode = FALSE
	EndGlobalSection
EndGlobal